
Microsoft Visual Studio Solution File, Format Version 12.00
# Visual Studio Version 16
VisualStudioVersion = 16.0.30503.244
MinimumVisualStudioVersion = 10.0.40219.1
Project("{FAE04EC0-301F-11D3-BF4B-00C04F79EFBC}") = "TestApi", "TestApi\TestApi.csproj", "{44527FFC-E983-49CA-AC04-5FFFC7CC8E6E}"
EndProject
Project("{FAE04EC0-301F-11D3-BF4B-00C04F79EFBC}") = "CSharpPractice", "CSharpPractice\CSharpPractice.csproj", "{626245C8-12E0-4DA2-A2E5-3FDB447E98CE}"
EndProject
Global
	GlobalSection(SolutionConfigurationPlatforms) = preSolution
		Debug|Any CPU = Debug|Any CPU
		Release|Any CPU = Release|Any CPU
	EndGlobalSection
	GlobalSection(ProjectConfigurationPlatforms) = postSolution
		{44527FFC-E983-49CA-AC04-5FFFC7CC8E6E}.Debug|Any CPU.ActiveCfg = Debug|Any CPU
		{44527FFC-E983-49CA-AC04-5FFFC7CC8E6E}.Debug|Any CPU.Build.0 = Debug|Any CPU
		{44527FFC-E983-49CA-AC04-5FFFC7CC8E6E}.Release|Any CPU.ActiveCfg = Release|Any CPU
		{44527FFC-E983-49CA-AC04-5FFFC7CC8E6E}.Release|Any CPU.Build.0 = Release|Any CPU
		{626245C8-12E0-4DA2-A2E5-3FDB447E98CE}.Debug|Any CPU.ActiveCfg = Debug|Any CPU
		{626245C8-12E0-4DA2-A2E5-3FDB447E98CE}.Debug|Any CPU.Build.0 = Debug|Any CPU
		{626245C8-12E0-4DA2-A2E5-3FDB447E98CE}.Release|Any CPU.ActiveCfg = Release|Any CPU
		{626245C8-12E0-4DA2-A2E5-3FDB447E98CE}.Release|Any CPU.Build.0 = Release|Any CPU
	EndGlobalSection
	GlobalSection(SolutionProperties) = preSolution
		HideSolutionNode = FALSE
	EndGlobalSection
	GlobalSection(ExtensibilityGlobals) = postSolution
		SolutionGuid = {10433182-A519-4D69-93CC-74AE6645F86C}
	EndGlobalSection
EndGlobal
